
Microsoft Visual Studio Solution File, Format Version 12.00
# Visual Studio Version 17
VisualStudioVersion = 17.14.37012.4 d17.14
MinimumVisualStudioVersion = 10.0.40219.1
Project("{FAE04EC0-301F-11D3-BF4B-00C04F79EFBC}") = "AreaCalculator", "AreaCalculator\AreaCalculator.csproj", "{FC0304E2-6A80-48DA-98B4-807A847C8E93}"
EndProject
Global
	GlobalSection(SolutionConfigurationPlatforms) = preSolution
		Debug|Any CPU = Debug|Any CPU
		Release|Any CPU = Release|Any CPU
	EndGlobalSection
	GlobalSection(ProjectConfigurationPlatforms) = postSolution
		{FC0304E2-6A80-48DA-98B4-807A847C8E93}.Debug|Any CPU.ActiveCfg = Debug|Any CPU
		{FC0304E2-6A80-48DA-98B4-807A847C8E93}.Debug|Any CPU.Build.0 = Debug|Any CPU
		{FC0304E2-6A80-48DA-98B4-807A847C8E93}.Release|Any CPU.ActiveCfg = Release|Any CPU
		{FC0304E2-6A80-48DA-98B4-807A847C8E93}.Release|Any CPU.Build.0 = Release|Any CPU
	EndGlobalSection
	GlobalSection(SolutionProperties) = preSolution
		HideSolutionNode = FALSE
	EndGlobalSection
	GlobalSection(ExtensibilityGlobals) = postSolution
		SolutionGuid = {18DC72D9-47E8-484E-B867-0172C791D455}
	EndGlobalSection
EndGlobal
